
Microsoft Visual Studio Solution File, Format Version 12.00
# Visual Studio 15
Project("{FAE04EC0-301F-11D3-BF4B-00C04F79EFBC}") = "Assembly-CSharp", "Assembly-CSharp.csproj", "{A624BA6C-C7A3-3771-94EC-EEDC6FDA22D5}"
EndProject
Project("{FAE04EC0-301F-11D3-BF4B-00C04F79EFBC}") = "Assembly-CSharp-Editor", "Assembly-CSharp-Editor.csproj", "{8C16FEA7-4657-2DD5-115D-B78F4BAB3F70}"
EndProject
Global
	GlobalSection(SolutionConfigurationPlatforms) = preSolution
		Debug|Any CPU = Debug|Any CPU
		Release|Any CPU = Release|Any CPU
	EndGlobalSection
	GlobalSection(ProjectConfigurationPlatforms) = postSolution
		{A624BA6C-C7A3-3771-94EC-EEDC6FDA22D5}.Debug|Any CPU.ActiveCfg = Debug|Any CPU
		{A624BA6C-C7A3-3771-94EC-EEDC6FDA22D5}.Debug|Any CPU.Build.0 = Debug|Any CPU
		{A624BA6C-C7A3-3771-94EC-EEDC6FDA22D5}.Release|Any CPU.ActiveCfg = Release|Any CPU
		{A624BA6C-C7A3-3771-94EC-EEDC6FDA22D5}.Release|Any CPU.Build.0 = Release|Any CPU
		{8C16FEA7-4657-2DD5-115D-B78F4BAB3F70}.Debug|Any CPU.ActiveCfg = Debug|Any CPU
		{8C16FEA7-4657-2DD5-115D-B78F4BAB3F70}.Debug|Any CPU.Build.0 = Debug|Any CPU
		{8C16FEA7-4657-2DD5-115D-B78F4BAB3F70}.Release|Any CPU.ActiveCfg = Release|Any CPU
		{8C16FEA7-4657-2DD5-115D-B78F4BAB3F70}.Release|Any CPU.Build.0 = Release|Any CPU
	EndGlobalSection
	GlobalSection(SolutionProperties) = preSolution
		HideSolutionNode = FALSE
	EndGlobalSection
EndGlobal
